// !$*UTF8*$!
{
	archiveVersion = 1;
	classes = {
	};
	objectVersion = 55;
	objects = {

/* Begin PBXBuildFile section */
		4520C12B28C58F9F004DBC92 /* AppDelegate.swift in Sources */ = {isa = PBXBuildFile; fileRef = 4520C12A28C58F9F004DBC92 /* AppDelegate.swift */; };
		4520C12D28C58F9F004DBC92 /* SceneDelegate.swift in Sources */ = {isa = PBXBuildFile; fileRef = 4520C12C28C58F9F004DBC92 /* SceneDelegate.swift */; };
		4520C12F28C58F9F004DBC92 /* ViewController.swift in Sources */ = {isa = PBXBuildFile; fileRef = 4520C12E28C58F9F004DBC92 /* ViewController.swift */; };
		4520C13228C58F9F004DBC92 /* Main.storyboard in Resources */ = {isa = PBXBuildFile; fileRef = 4520C13028C58F9F004DBC92 /* Main.storyboard */; };
		4520C13428C58FA1004DBC92 /* Assets.xcassets in Resources */ = {isa = PBXBuildFile; fileRef = 4520C13328C58FA1004DBC92 /* Assets.xcassets */; };
		4520C13728C58FA1004DBC92 /* LaunchScreen.storyboard in Resources */ = {isa = PBXBuildFile; fileRef = 4520C13528C58FA1004DBC92 /* LaunchScreen.storyboard */; };
		4520C14228C58FA1004DBC92 /* Mars_CuriosityTests.swift in Sources */ = {isa = PBXBuildFile; fileRef = 4520C14128C58FA1004DBC92 /* Mars_CuriosityTests.swift */; };
		4520C14C28C58FA1004DBC92 /* Mars_CuriosityUITests.swift in Sources */ = {isa = PBXBuildFile; fileRef = 4520C14B28C58FA1004DBC92 /* Mars_CuriosityUITests.swift */; };
		4520C14E28C58FA1004DBC92 /* Mars_CuriosityUITestsLaunchTests.swift in Sources */ = {isa = PBXBuildFile; fileRef = 4520C14D28C58FA1004DBC92 /* Mars_CuriosityUITestsLaunchTests.swift */; };
/* End PBXBuildFile section */

/* Begin PBXContainerItemProxy section */
		4520C13E28C58FA1004DBC92 /* PBXContainerItemProxy */ = {
			isa = PBXContainerItemProxy;
			containerPortal = 4520C11F28C58F9F004DBC92 /* Project object */;
			proxyType = 1;
			remoteGlobalIDString = 4520C12628C58F9F004DBC92;
			remoteInfo = "Mars-Curiosity";
		};
		4520C14828C58FA1004DBC92 /* PBXContainerItemProxy */ = {
			isa = PBXContainerItemProxy;
			containerPortal = 4520C11F28C58F9F004DBC92 /* Project object */;
			proxyType = 1;
			remoteGlobalIDString = 4520C12628C58F9F004DBC92;
			remoteInfo = "Mars-Curiosity";
		};
/* End PBXContainerItemProxy section */

/* Begin PBXFileReference section */
		4520C12728C58F9F004DBC92 /* Mars-Curiosity.app */ = {isa = PBXFileReference; explicitFileType = wrapper.application; includeInIndex = 0; path = "Mars-Curiosity.app"; sourceTree = BUILT_PRODUCTS_DIR; };
		4520C12A28C58F9F004DBC92 /* AppDelegate.swift */ = {isa = PBXFileReference; lastKnownFileType = sourcecode.swift; path = AppDelegate.swift; sourceTree = "<group>"; };
		4520C12C28C58F9F004DBC92 /* SceneDelegate.swift */ = {isa = PBXFileReference; lastKnownFileType = sourcecode.swift; path = SceneDelegate.swift; sourceTree = "<group>"; };
		4520C12E28C58F9F004DBC92 /* ViewController.swift */ = {isa = PBXFileReference; lastKnownFileType = sourcecode.swift; path = ViewController.swift; sourceTree = "<group>"; };
		4520C13128C58F9F004DBC92 /* Base */ = {isa = PBXFileReference; lastKnownFileType = file.storyboard; name = Base; path = Base.lproj/Main.storyboard; sourceTree = "<group>"; };
		4520C13328C58FA1004DBC92 /* Assets.xcassets */ = {isa = PBXFileReference; lastKnownFileType = folder.assetcatalog; path = Assets.xcassets; sourceTree = "<group>"; };
		4520C13628C58FA1004DBC92 /* Base */ = {isa = PBXFileReference; lastKnownFileType = file.storyboard; name = Base; path = Base.lproj/LaunchScreen.storyboard; sourceTree = "<group>"; };
		4520C13828C58FA1004DBC92 /* Info.plist */ = {isa = PBXFileReference; lastKnownFileType = text.plist.xml; path = Info.plist; sourceTree = "<group>"; };
		4520C13D28C58FA1004DBC92 /* Mars-CuriosityTests.xctest */ = {isa = PBXFileReference; explicitFileType = wrapper.cfbundle; includeInIndex = 0; path = "Mars-CuriosityTests.xctest"; sourceTree = BUILT_PRODUCTS_DIR; };
		4520C14128C58FA1004DBC92 /* Mars_CuriosityTests.swift */ = {isa = PBXFileReference; lastKnownFileType = sourcecode.swift; path = Mars_CuriosityTests.swift; sourceTree = "<group>"; };
		4520C14728C58FA1004DBC92 /* Mars-CuriosityUITests.xctest */ = {isa = PBXFileReference; explicitFileType = wrapper.cfbundle; includeInIndex = 0; path = "Mars-CuriosityUITests.xctest"; sourceTree = BUILT_PRODUCTS_DIR; };
		4520C14B28C58FA1004DBC92 /* Mars_CuriosityUITests.swift */ = {isa = PBXFileReference; lastKnownFileType = sourcecode.swift; path = Mars_CuriosityUITests.swift; sourceTree = "<group>"; };
		4520C14D28C58FA1004DBC92 /* Mars_CuriosityUITestsLaunchTests.swift */ = {isa = PBXFileReference; lastKnownFileType = sourcecode.swift; path = Mars_CuriosityUITestsLaunchTests.swift; sourceTree = "<group>"; };
/* End PBXFileReference section */

/* Begin PBXFrameworksBuildPhase section */
		4520C12428C58F9F004DBC92 /* Frameworks */ = {
			isa = PBXFrameworksBuildPhase;
			buildActionMask = 2147483647;
			files = (
			);
			runOnlyForDeploymentPostprocessing = 0;
		};
		4520C13A28C58FA1004DBC92 /* Frameworks */ = {
			isa = PBXFrameworksBuildPhase;
			buildActionMask = 2147483647;
			files = (
			);
			runOnlyForDeploymentPostprocessing = 0;
		};
		4520C14428C58FA1004DBC92 /* Frameworks */ = {
			isa = PBXFrameworksBuildPhase;
			buildActionMask = 2147483647;
			files = (
			);
			runOnlyForDeploymentPostprocessing = 0;
		};
/* End PBXFrameworksBuildPhase section */

/* Begin PBXGroup section */
		4520C11E28C58F9F004DBC92 = {
			isa = PBXGroup;
			children = (
				4520C12928C58F9F004DBC92 /* Mars-Curiosity */,
				4520C14028C58FA1004DBC92 /* Mars-CuriosityTests */,
				4520C14A28C58FA1004DBC92 /* Mars-CuriosityUITests */,
				4520C12828C58F9F004DBC92 /* Products */,
			);
			sourceTree = "<group>";
		};
		4520C12828C58F9F004DBC92 /* Products */ = {
			isa = PBXGroup;
			children = (
				4520C12728C58F9F004DBC92 /* Mars-Curiosity.app */,
				4520C13D28C58FA1004DBC92 /* Mars-CuriosityTests.xctest */,
				4520C14728C58FA1004DBC92 /* Mars-CuriosityUITests.xctest */,
			);
			name = Products;
			sourceTree = "<group>";
		};
		4520C12928C58F9F004DBC92 /* Mars-Curiosity */ = {
			isa = PBXGroup;
			children = (
				4520C12A28C58F9F004DBC92 /* AppDelegate.swift */,
				4520C12C28C58F9F004DBC92 /* SceneDelegate.swift */,
				4520C12E28C58F9F004DBC92 /* ViewController.swift */,
				4520C13028C58F9F004DBC92 /* Main.storyboard */,
				4520C13328C58FA1004DBC92 /* Assets.xcassets */,
				4520C13528C58FA1004DBC92 /* LaunchScreen.storyboard */,
				4520C13828C58FA1004DBC92 /* Info.plist */,
			);
			path = "Mars-Curiosity";
			sourceTree = "<group>";
		};
		4520C14028C58FA1004DBC92 /* Mars-CuriosityTests */ = {
			isa = PBXGroup;
			children = (
				4520C14128C58FA1004DBC92 /* Mars_CuriosityTests.swift */,
			);
			path = "Mars-CuriosityTests";
			sourceTree = "<group>";
		};
		4520C14A28C58FA1004DBC92 /* Mars-CuriosityUITests */ = {
			isa = PBXGroup;
			children = (
				4520C14B28C58FA1004DBC92 /* Mars_CuriosityUITests.swift */,
				4520C14D28C58FA1004DBC92 /* Mars_CuriosityUITestsLaunchTests.swift */,
			);
			path = "Mars-CuriosityUITests";
			sourceTree = "<group>";
		};
/* End PBXGroup section */

/* Begin PBXNativeTarget section */
		4520C12628C58F9F004DBC92 /* Mars-Curiosity */ = {
			isa = PBXNativeTarget;
			buildConfigurationList = 4520C15128C58FA1004DBC92 /* Build configuration list for PBXNativeTarget "Mars-Curiosity" */;
			buildPhases = (
				4520C12328C58F9F004DBC92 /* Sources */,
				4520C12428C58F9F004DBC92 /* Frameworks */,
				4520C12528C58F9F004DBC92 /* Resources */,
			);
			buildRules = (
			);
			dependencies = (
			);
			name = "Mars-Curiosity";
			productName = "Mars-Curiosity";
			productReference = 4520C12728C58F9F004DBC92 /* Mars-Curiosity.app */;
			productType = "com.apple.product-type.application";
		};
		4520C13C28C58FA1004DBC92 /* Mars-CuriosityTests */ = {
			isa = PBXNativeTarget;
			buildConfigurationList = 4520C15428C58FA1004DBC92 /* Build configuration list for PBXNativeTarget "Mars-CuriosityTests" */;
			buildPhases = (
				4520C13928C58FA1004DBC92 /* Sources */,
				4520C13A28C58FA1004DBC92 /* Frameworks */,
				4520C13B28C58FA1004DBC92 /* Resources */,
			);
			buildRules = (
			);
			dependencies = (
				4520C13F28C58FA1004DBC92 /* PBXTargetDependency */,
			);
			name = "Mars-CuriosityTests";
			productName = "Mars-CuriosityTests";
			productReference = 4520C13D28C58FA1004DBC92 /* Mars-CuriosityTests.xctest */;
			productType = "com.apple.product-type.bundle.unit-test";
		};
		4520C14628C58FA1004DBC92 /* Mars-CuriosityUITests */ = {
			isa = PBXNativeTarget;
			buildConfigurationList = 4520C15728C58FA1004DBC92 /* Build configuration list for PBXNativeTarget "Mars-CuriosityUITests" */;
			buildPhases = (
				4520C14328C58FA1004DBC92 /* Sources */,
				4520C14428C58FA1004DBC92 /* Frameworks */,
				4520C14528C58FA1004DBC92 /* Resources */,
			);
			buildRules = (
			);
			dependencies = (
				4520C14928C58FA1004DBC92 /* PBXTargetDependency */,
			);
			name = "Mars-CuriosityUITests";
			productName = "Mars-CuriosityUITests";
			productReference = 4520C14728C58FA1004DBC92 /* Mars-CuriosityUITests.xctest */;
			productType = "com.apple.product-type.bundle.ui-testing";
		};
/* End PBXNativeTarget section */

/* Begin PBXProject section */
		4520C11F28C58F9F004DBC92 /* Project object */ = {
			isa = PBXProject;
			attributes = {
				BuildIndependentTargetsInParallel = 1;
				LastSwiftUpdateCheck = 1340;
				LastUpgradeCheck = 1340;
				TargetAttributes = {
					4520C12628C58F9F004DBC92 = {
						CreatedOnToolsVersion = 13.4.1;
					};
					4520C13C28C58FA1004DBC92 = {
						CreatedOnToolsVersion = 13.4.1;
						TestTargetID = 4520C12628C58F9F004DBC92;
					};
					4520C14628C58FA1004DBC92 = {
						CreatedOnToolsVersion = 13.4.1;
						TestTargetID = 4520C12628C58F9F004DBC92;
					};
				};
			};
			buildConfigurationList = 4520C12228C58F9F004DBC92 /* Build configuration list for PBXProject "Mars-Curiosity" */;
			compatibilityVersion = "Xcode 13.0";
			developmentRegion = en;
			hasScannedForEncodings = 0;
			knownRegions = (
				en,
				Base,
			);
			mainGroup = 4520C11E28C58F9F004DBC92;
			productRefGroup = 4520C12828C58F9F004DBC92 /* Products */;
			projectDirPath = "";
			projectRoot = "";
			targets = (
				4520C12628C58F9F004DBC92 /* Mars-Curiosity */,
				4520C13C28C58FA1004DBC92 /* Mars-CuriosityTests */,
				4520C14628C58FA1004DBC92 /* Mars-CuriosityUITests */,
			);
		};
/* End PBXProject section */

/* Begin PBXResourcesBuildPhase section */
		4520C12528C58F9F004DBC92 /* Resources */ = {
			isa = PBXResourcesBuildPhase;
			buildActionMask = 2147483647;
			files = (
				4520C13728C58FA1004DBC92 /* LaunchScreen.storyboard in Resources */,
				4520C13428C58FA1004DBC92 /* Assets.xcassets in Resources */,
				4520C13228C58F9F004DBC92 /* Main.storyboard in Resources */,
			);
			runOnlyForDeploymentPostprocessing = 0;
		};
		4520C13B28C58FA1004DBC92 /* Resources */ = {
			isa = PBXResourcesBuildPhase;
			buildActionMask = 2147483647;
			files = (
			);
			runOnlyForDeploymentPostprocessing = 0;
		};
		4520C14528C58FA1004DBC92 /* Resources */ = {
			isa = PBXResourcesBuildPhase;
			buildActionMask = 2147483647;
			files = (
			);
			runOnlyForDeploymentPostprocessing = 0;
		};
/* End PBXResourcesBuildPhase section */

/* Begin PBXSourcesBuildPhase section */
		4520C12328C58F9F004DBC92 /* Sources */ = {
			isa = PBXSourcesBuildPhase;
			buildActionMask = 2147483647;
			files = (
				4520C12F28C58F9F004DBC92 /* ViewController.swift in Sources */,
				4520C12B28C58F9F004DBC92 /* AppDelegate.swift in Sources */,
				4520C12D28C58F9F004DBC92 /* SceneDelegate.swift in Sources */,
			);
			runOnlyForDeploymentPostprocessing = 0;
		};
		4520C13928C58FA1004DBC92 /* Sources */ = {
			isa = PBXSourcesBuildPhase;
			buildActionMask = 2147483647;
			files = (
				4520C14228C58FA1004DBC92 /* Mars_CuriosityTests.swift in Sources */,
			);
			runOnlyForDeploymentPostprocessing = 0;
		};
		4520C14328C58FA1004DBC92 /* Sources */ = {
			isa = PBXSourcesBuildPhase;
			buildActionMask = 2147483647;
			files = (
				4520C14C28C58FA1004DBC92 /* Mars_CuriosityUITests.swift in Sources */,
				4520C14E28C58FA1004DBC92 /* Mars_CuriosityUITestsLaunchTests.swift in Sources */,
			);
			runOnlyForDeploymentPostprocessing = 0;
		};
/* End PBXSourcesBuildPhase section */

/* Begin PBXTargetDependency section */
		4520C13F28C58FA1004DBC92 /* PBXTargetDependency */ = {
			isa = PBXTargetDependency;
			target = 4520C12628C58F9F004DBC92 /* Mars-Curiosity */;
			targetProxy = 4520C13E28C58FA1004DBC92 /* PBXContainerItemProxy */;
		};
		4520C14928C58FA1004DBC92 /* PBXTargetDependency */ = {
			isa = PBXTargetDependency;
			target = 4520C12628C58F9F004DBC92 /* Mars-Curiosity */;
			targetProxy = 4520C14828C58FA1004DBC92 /* PBXContainerItemProxy */;
		};
/* End PBXTargetDependency section */

/* Begin PBXVariantGroup section */
		4520C13028C58F9F004DBC92 /* Main.storyboard */ = {
			isa = PBXVariantGroup;
			children = (
				4520C13128C58F9F004DBC92 /* Base */,
			);
			name = Main.storyboard;
			sourceTree = "<group>";
		};
		4520C13528C58FA1004DBC92 /* LaunchScreen.storyboard */ = {
			isa = PBXVariantGroup;
			children = (
				4520C13628C58FA1004DBC92 /* Base */,
			);
			name = LaunchScreen.storyboard;
			sourceTree = "<group>";
		};
/* End PBXVariantGroup section */

/* Begin XCBuildConfiguration section */
		4520C14F28C58FA1004DBC92 /* Debug */ = {
			isa = XCBuildConfiguration;
			buildSettings = {
				ALWAYS_SEARCH_USER_PATHS = NO;
				CLANG_ANALYZER_NONNULL = YES;
				CLANG_ANALYZER_NUMBER_OBJECT_CONVERSION = YES_AGGRESSIVE;
				CLANG_CXX_LANGUAGE_STANDARD = "gnu++17";
				CLANG_ENABLE_MODULES = YES;
				CLANG_ENABLE_OBJC_ARC = YES;
				CLANG_ENABLE_OBJC_WEAK = YES;
				CLANG_WARN_BLOCK_CAPTURE_AUTORELEASING = YES;
				CLANG_WARN_BOOL_CONVERSION = YES;
				CLANG_WARN_COMMA = YES;
				CLANG_WARN_CONSTANT_CONVERSION = YES;
				CLANG_WARN_DEPRECATED_OBJC_IMPLEMENTATIONS = YES;
				CLANG_WARN_DIRECT_OBJC_ISA_USAGE = YES_ERROR;
				CLANG_WARN_DOCUMENTATION_COMMENTS = YES;
				CLANG_WARN_EMPTY_BODY = YES;
				CLANG_WARN_ENUM_CONVERSION = YES;
				CLANG_WARN_INFINITE_RECURSION = YES;
				CLANG_WARN_INT_CONVERSION = YES;
				CLANG_WARN_NON_LITERAL_NULL_CONVERSION = YES;
				CLANG_WARN_OBJC_IMPLICIT_RETAIN_SELF = YES;
				CLANG_WARN_OBJC_LITERAL_CONVERSION = YES;
				CLANG_WARN_OBJC_ROOT_CLASS = YES_ERROR;
				CLANG_WARN_QUOTED_INCLUDE_IN_FRAMEWORK_HEADER = YES;
				CLANG_WARN_RANGE_LOOP_ANALYSIS = YES;
				CLANG_WARN_STRICT_PROTOTYPES = YES;
				CLANG_WARN_SUSPICIOUS_MOVE = YES;
				CLANG_WARN_UNGUARDED_AVAILABILITY = YES_AGGRESSIVE;
				CLANG_WARN_UNREACHABLE_CODE = YES;
				CLANG_WARN__DUPLICATE_METHOD_MATCH = YES;
				COPY_PHASE_STRIP = NO;
				DEBUG_INFORMATION_FORMAT = dwarf;
				ENABLE_STRICT_OBJC_MSGSEND = YES;
				ENABLE_TESTABILITY = YES;
				GCC_C_LANGUAGE_STANDARD = gnu11;
				GCC_DYNAMIC_NO_PIC = NO;
				GCC_NO_COMMON_BLOCKS = YES;
				GCC_OPTIMIZATION_LEVEL = 0;
				GCC_PREPROCESSOR_DEFINITIONS = (
					"DEBUG=1",
					"$(inherited)",
				);
				GCC_WARN_64_TO_32_BIT_CONVERSION = YES;
				GCC_WARN_ABOUT_RETURN_TYPE = YES_ERROR;
				GCC_WARN_UNDECLARED_SELECTOR = YES;
				GCC_WARN_UNINITIALIZED_AUTOS = YES_AGGRESSIVE;
				GCC_WARN_UNUSED_FUNCTION = YES;
				GCC_WARN_UNUSED_VARIABLE = YES;
				IPHONEOS_DEPLOYMENT_TARGET = 15.5;
				MTL_ENABLE_DEBUG_INFO = INCLUDE_SOURCE;
				MTL_FAST_MATH = YES;
				ONLY_ACTIVE_ARCH = YES;
				SDKROOT = iphoneos;
				SWIFT_ACTIVE_COMPILATION_CONDITIONS = DEBUG;
				SWIFT_OPTIMIZATION_LEVEL = "-Onone";
			};
			name = Debug;
		};
		4520C15028C58FA1004DBC92 /* Release */ = {
			isa = XCBuildConfiguration;
			buildSettings = {
				ALWAYS_SEARCH_USER_PATHS = NO;
				CLANG_ANALYZER_NONNULL = YES;
				CLANG_ANALYZER_NUMBER_OBJECT_CONVERSION = YES_AGGRESSIVE;
				CLANG_CXX_LANGUAGE_STANDARD = "gnu++17";
				CLANG_ENABLE_MODULES = YES;
				CLANG_ENABLE_OBJC_ARC = YES;
				CLANG_ENABLE_OBJC_WEAK = YES;
				CLANG_WARN_BLOCK_CAPTURE_AUTORELEASING = YES;
				CLANG_WARN_BOOL_CONVERSION = YES;
				CLANG_WARN_COMMA = YES;
				CLANG_WARN_CONSTANT_CONVERSION = YES;
				CLANG_WARN_DEPRECATED_OBJC_IMPLEMENTATIONS = YES;
				CLANG_WARN_DIRECT_OBJC_ISA_USAGE = YES_ERROR;
				CLANG_WARN_DOCUMENTATION_COMMENTS = YES;
				CLANG_WARN_EMPTY_BODY = YES;
				CLANG_WARN_ENUM_CONVERSION = YES;
				CLANG_WARN_INFINITE_RECURSION = YES;
				CLANG_WARN_INT_CONVERSION = YES;
				CLANG_WARN_NON_LITERAL_NULL_CONVERSION = YES;
				CLANG_WARN_OBJC_IMPLICIT_RETAIN_SELF = YES;
				CLANG_WARN_OBJC_LITERAL_CONVERSION = YES;
				CLANG_WARN_OBJC_ROOT_CLASS = YES_ERROR;
				CLANG_WARN_QUOTED_INCLUDE_IN_FRAMEWORK_HEADER = YES;
				CLANG_WARN_RANGE_LOOP_ANALYSIS = YES;
				CLANG_WARN_STRICT_PROTOTYPES = YES;
				CLANG_WARN_SUSPICIOUS_MOVE = YES;
				CLANG_WARN_UNGUARDED_AVAILABILITY = YES_AGGRESSIVE;
				CLANG_WARN_UNREACHABLE_CODE = YES;
				CLANG_WARN__DUPLICATE_METHOD_MATCH = YES;
				COPY_PHASE_STRIP = NO;
				DEBUG_INFORMATION_FORMAT = "dwarf-with-dsym";
				ENABLE_NS_ASSERTIONS = NO;
				ENABLE_STRICT_OBJC_MSGSEND = YES;
				GCC_C_LANGUAGE_STANDARD = gnu11;
				GCC_NO_COMMON_BLOCKS = YES;
				GCC_WARN_64_TO_32_BIT_CONVERSION = YES;
				GCC_WARN_ABOUT_RETURN_TYPE = YES_ERROR;
				GCC_WARN_UNDECLARED_SELECTOR = YES;
				GCC_WARN_UNINITIALIZED_AUTOS = YES_AGGRESSIVE;
				GCC_WARN_UNUSED_FUNCTION = YES;
				GCC_WARN_UNUSED_VARIABLE = YES;
				IPHONEOS_DEPLOYMENT_TARGET = 15.5;
				MTL_ENABLE_DEBUG_INFO = NO;
				MTL_FAST_MATH = YES;
				SDKROOT = iphoneos;
				SWIFT_COMPILATION_MODE = wholemodule;
				SWIFT_OPTIMIZATION_LEVEL = "-O";
				VALIDATE_PRODUCT = YES;
			};
			name = Release;
		};
		4520C15228C58FA1004DBC92 /* Debug */ = {
			isa = XCBuildConfiguration;
			buildSettings = {
				ASSETCATALOG_COMPILER_APPICON_NAME = AppIcon;
				ASSETCATALOG_COMPILER_GLOBAL_ACCENT_COLOR_NAME = AccentColor;
				CODE_SIGN_STYLE = Automatic;
				CURRENT_PROJECT_VERSION = 1;
				DEVELOPMENT_TEAM = 4JJ7959A5B;
				GENERATE_INFOPLIST_FILE = YES;
				INFOPLIST_FILE = "Mars-Curiosity/Info.plist";
				INFOPLIST_KEY_UIApplicationSupportsIndirectInputEvents = YES;
				INFOPLIST_KEY_UILaunchStoryboardName = LaunchScreen;
				INFOPLIST_KEY_UIMainStoryboardFile = Main;
				INFOPLIST_KEY_UISupportedInterfaceOrientations_iPad = "UIInterfaceOrientationPortrait UIInterfaceOrientationPortraitUpsideDown UIInterfaceOrientationLandscapeLeft UIInterfaceOrientationLandscapeRight";
				INFOPLIST_KEY_UISupportedInterfaceOrientations_iPhone = "UIInterfaceOrientationPortrait UIInterfaceOrientationLandscapeLeft UIInterfaceOrientationLandscapeRight";
				LD_RUNPATH_SEARCH_PATHS = (
					"$(inherited)",
					"@executable_path/Frameworks",
				);
				MARKETING_VERSION = 1.0;
				PRODUCT_BUNDLE_IDENTIFIER = "com.mars-curiosity.Mars-Curiosity";
				PRODUCT_NAME = "$(TARGET_NAME)";
				SWIFT_EMIT_LOC_STRINGS = YES;
				SWIFT_VERSION = 5.0;
				TARGETED_DEVICE_FAMILY = "1,2";
			};
			name = Debug;
		};
		4520C15328C58FA1004DBC92 /* Release */ = {
			isa = XCBuildConfiguration;
			buildSettings = {
				ASSETCATALOG_COMPILER_APPICON_NAME = AppIcon;
				ASSETCATALOG_COMPILER_GLOBAL_ACCENT_COLOR_NAME = AccentColor;
				CODE_SIGN_STYLE = Automatic;
				CURRENT_PROJECT_VERSION = 1;
				DEVELOPMENT_TEAM = 4JJ7959A5B;
				GENERATE_INFOPLIST_FILE = YES;
				INFOPLIST_FILE = "Mars-Curiosity/Info.plist";
				INFOPLIST_KEY_UIApplicationSupportsIndirectInputEvents = YES;
				INFOPLIST_KEY_UILaunchStoryboardName = LaunchScreen;
				INFOPLIST_KEY_UIMainStoryboardFile = Main;
				INFOPLIST_KEY_UISupportedInterfaceOrientations_iPad = "UIInterfaceOrientationPortrait UIInterfaceOrientationPortraitUpsideDown UIInterfaceOrientationLandscapeLeft UIInterfaceOrientationLandscapeRight";
				INFOPLIST_KEY_UISupportedInterfaceOrientations_iPhone = "UIInterfaceOrientationPortrait UIInterfaceOrientationLandscapeLeft UIInterfaceOrientationLandscapeRight";
				LD_RUNPATH_SEARCH_PATHS = (
					"$(inherited)",
					"@executable_path/Frameworks",
				);
				MARKETING_VERSION = 1.0;
				PRODUCT_BUNDLE_IDENTIFIER = "com.mars-curiosity.Mars-Curiosity";
				PRODUCT_NAME = "$(TARGET_NAME)";
				SWIFT_EMIT_LOC_STRINGS = YES;
				SWIFT_VERSION = 5.0;
				TARGETED_DEVICE_FAMILY = "1,2";
			};
			name = Release;
		};
		4520C15528C58FA1004DBC92 /* Debug */ = {
			isa = XCBuildConfiguration;
			buildSettings = {
				ALWAYS_EMBED_SWIFT_STANDARD_LIBRARIES = YES;
				BUNDLE_LOADER = "$(TEST_HOST)";
				CODE_SIGN_STYLE = Automatic;
				CURRENT_PROJECT_VERSION = 1;
				DEVELOPMENT_TEAM = 4JJ7959A5B;
				GENERATE_INFOPLIST_FILE = YES;
				IPHONEOS_DEPLOYMENT_TARGET = 15.5;
				MARKETING_VERSION = 1.0;
				PRODUCT_BUNDLE_IDENTIFIER = "com.mars-curiosity.Mars-CuriosityTests";
				PRODUCT_NAME = "$(TARGET_NAME)";
				SWIFT_EMIT_LOC_STRINGS = NO;
				SWIFT_VERSION = 5.0;
				TARGETED_DEVICE_FAMILY = "1,2";
				TEST_HOST = "$(BUILT_PRODUCTS_DIR)/Mars-Curiosity.app/Mars-Curiosity";
			};
			name = Debug;
		};
		4520C15628C58FA1004DBC92 /* Release */ = {
			isa = XCBuildConfiguration;
			buildSettings = {
				ALWAYS_EMBED_SWIFT_STANDARD_LIBRARIES = YES;
				BUNDLE_LOADER = "$(TEST_HOST)";
				CODE_SIGN_STYLE = Automatic;
				CURRENT_PROJECT_VERSION = 1;
				DEVELOPMENT_TEAM = 4JJ7959A5B;
				GENERATE_INFOPLIST_FILE = YES;
				IPHONEOS_DEPLOYMENT_TARGET = 15.5;
				MARKETING_VERSION = 1.0;
				PRODUCT_BUNDLE_IDENTIFIER = "com.mars-curiosity.Mars-CuriosityTests";
				PRODUCT_NAME = "$(TARGET_NAME)";
				SWIFT_EMIT_LOC_STRINGS = NO;
				SWIFT_VERSION = 5.0;
				TARGETED_DEVICE_FAMILY = "1,2";
				TEST_HOST = "$(BUILT_PRODUCTS_DIR)/Mars-Curiosity.app/Mars-Curiosity";
			};
			name = Release;
		};
		4520C15828C58FA1004DBC92 /* Debug */ = {
			isa = XCBuildConfiguration;
			buildSettings = {
				ALWAYS_EMBED_SWIFT_STANDARD_LIBRARIES = YES;
				CODE_SIGN_STYLE = Automatic;
				CURRENT_PROJECT_VERSION = 1;
				DEVELOPMENT_TEAM = 4JJ7959A5B;
				GENERATE_INFOPLIST_FILE = YES;
				MARKETING_VERSION = 1.0;
				PRODUCT_BUNDLE_IDENTIFIER = "com.mars-curiosity.Mars-CuriosityUITests";
				PRODUCT_NAME = "$(TARGET_NAME)";
				SWIFT_EMIT_LOC_STRINGS = NO;
				SWIFT_VERSION = 5.0;
				TARGETED_DEVICE_FAMILY = "1,2";
				TEST_TARGET_NAME = "Mars-Curiosity";
			};
			name = Debug;
		};
		4520C15928C58FA1004DBC92 /* Release */ = {
			isa = XCBuildConfiguration;
			buildSettings = {
				ALWAYS_EMBED_SWIFT_STANDARD_LIBRARIES = YES;
				CODE_SIGN_STYLE = Automatic;
				CURRENT_PROJECT_VERSION = 1;
				DEVELOPMENT_TEAM = 4JJ7959A5B;
				GENERATE_INFOPLIST_FILE = YES;
				MARKETING_VERSION = 1.0;
				PRODUCT_BUNDLE_IDENTIFIER = "com.mars-curiosity.Mars-CuriosityUITests";
				PRODUCT_NAME = "$(TARGET_NAME)";
				SWIFT_EMIT_LOC_STRINGS = NO;
				SWIFT_VERSION = 5.0;
				TARGETED_DEVICE_FAMILY = "1,2";
				TEST_TARGET_NAME = "Mars-Curiosity";
			};
			name = Release;
		};
/* End XCBuildConfiguration section */

/* Begin XCConfigurationList section */
		4520C12228C58F9F004DBC92 /* Build configuration list for PBXProject "Mars-Curiosity" */ = {
			isa = XCConfigurationList;
			buildConfigurations = (
				4520C14F28C58FA1004DBC92 /* Debug */,
				4520C15028C58FA1004DBC92 /* Release */,
			);
			defaultConfigurationIsVisible = 0;
			defaultConfigurationName = Release;
		};
		4520C15128C58FA1004DBC92 /* Build configuration list for PBXNativeTarget "Mars-Curiosity" */ = {
			isa = XCConfigurationList;
			buildConfigurations = (
				4520C15228C58FA1004DBC92 /* Debug */,
				4520C15328C58FA1004DBC92 /* Release */,
			);
			defaultConfigurationIsVisible = 0;
			defaultConfigurationName = Release;
		};
		4520C15428C58FA1004DBC92 /* Build configuration list for PBXNativeTarget "Mars-CuriosityTests" */ = {
			isa = XCConfigurationList;
			buildConfigurations = (
				4520C15528C58FA1004DBC92 /* Debug */,
				4520C15628C58FA1004DBC92 /* Release */,
			);
			defaultConfigurationIsVisible = 0;
			defaultConfigurationName = Release;
		};
		4520C15728C58FA1004DBC92 /* Build configuration list for PBXNativeTarget "Mars-CuriosityUITests" */ = {
			isa = XCConfigurationList;
			buildConfigurations = (
				4520C15828C58FA1004DBC92 /* Debug */,
				4520C15928C58FA1004DBC92 /* Release */,
			);
			defaultConfigurationIsVisible = 0;
			defaultConfigurationName = Release;
		};
/* End XCConfigurationList section */
	};
	rootObject = 4520C11F28C58F9F004DBC92 /* Project object */;
}
